{
  "name": "CodeSpace",
  "version": "1.0.0",
  "lockfileVersion": 1,
  "requires": true,
  "dependencies": {
    "@babel/parser": {
      "version": "7.22.5",
      "resolved": "https://registry.npmjs.org/@babel/parser/-/parser-7.22.5.tgz",
      "integrity": "sha512-DFZMC9LJUG9PLOclRC32G63UXwzqS2koQC8dkx+PLdmt1xSePYpbT/NbsrJy8Q/muXz7o/h/d4A7Fuyixm559Q==",
      "dev": true
    },
    "@babel/runtime": {
      "version": "7.22.5",
      "resolved": "https://registry.npmjs.org/@babel/runtime/-/runtime-7.22.5.tgz",
      "integrity": "sha512-ecjvYlnAaZ/KVneE/OdKYBYfgXV3Ptu6zQWmgEF7vwKhQnvVS6bjMD2XYgj+SNvQ1GfK/pjgokfPkC/2CO8CuA==",
      "requires": {
        "regenerator-runtime": "^0.13.11"
      }
    },
    "@jsdoc/salty": {
      "version": "0.2.5",
      "resolved": "https://registry.npmjs.org/@jsdoc/salty/-/salty-0.2.5.tgz",
      "integrity": "sha512-TfRP53RqunNe2HBobVBJ0VLhK1HbfvBYeTC1ahnN64PWvyYyGebmMiPkuwvD9fpw2ZbkoPb8Q7mwy0aR8Z9rvw==",
      "dev": true,
      "requires": {
        "lodash": "^4.17.21"
      }
    },
    "@lit-labs/ssr-dom-shim": {
      "version": "1.1.1",
      "resolved": "https://registry.npmjs.org/@lit-labs/ssr-dom-shim/-/ssr-dom-shim-1.1.1.tgz",
      "integrity": "sha512-kXOeFbfCm4fFf2A3WwVEeQj55tMZa8c8/f9AKHMobQMkzNUfUj+antR3fRPaZJawsa1aZiP/Da3ndpZrwEe4rQ=="
    },
    "@lit/reactive-element": {
      "version": "1.6.2",
      "resolved": "https://registry.npmjs.org/@lit/reactive-element/-/reactive-element-1.6.2.tgz",
      "integrity": "sha512-rDfl+QnCYjuIGf5xI2sVJWdYIi56CTCwWa+nidKYX6oIuBYwUbT/vX4qbUDlHiZKJ/3FRNQ/tWJui44p6/stSA==",
      "requires": {
        "@lit-labs/ssr-dom-shim": "^1.0.0"
      }
    },
    "@reduxjs/toolkit": {
      "version": "1.9.5",
      "resolved": "https://registry.npmjs.org/@reduxjs/toolkit/-/toolkit-1.9.5.tgz",
      "integrity": "sha512-Rt97jHmfTeaxL4swLRNPD/zV4OxTes4la07Xc4hetpUW/vc75t5m1ANyxG6ymnEQ2FsLQsoMlYB2vV1sO3m8tQ==",
      "requires": {
        "immer": "^9.0.21",
        "redux": "^4.2.1",
        "redux-thunk": "^2.4.2",
        "reselect": "^4.1.8"
      }
    },
    "@types/linkify-it": {
      "version": "3.0.2",
      "resolved": "https://registry.npmjs.org/@types/linkify-it/-/linkify-it-3.0.2.tgz",
      "integrity": "sha512-HZQYqbiFVWufzCwexrvh694SOim8z2d+xJl5UNamcvQFejLY/2YUtzXHYi3cHdI7PMlS8ejH2slRAOJQ32aNbA==",
      "dev": true
    },
    "@types/markdown-it": {
      "version": "12.2.3",
      "resolved": "https://registry.npmjs.org/@types/markdown-it/-/markdown-it-12.2.3.tgz",
      "integrity": "sha512-GKMHFfv3458yYy+v/N8gjufHO6MSZKCOXpZc5GXIWWy8uldwfmPn98vp81gZ5f9SVw8YYBctgfJ22a2d7AOMeQ==",
      "dev": true,
      "requires": {
        "@types/linkify-it": "*",
        "@types/mdurl": "*"
      }
    },
    "@types/mdurl": {
      "version": "1.0.2",
      "resolved": "https://registry.npmjs.org/@types/mdurl/-/mdurl-1.0.2.tgz",
      "integrity": "sha512-eC4U9MlIcu2q0KQmXszyn5Akca/0jrQmwDRgpAMJai7qBWq4amIQhZyNau4VYGtCeALvW1/NtjzJJ567aZxfKA==",
      "dev": true
    },
    "@types/trusted-types": {
      "version": "2.0.3",
      "resolved": "https://registry.npmjs.org/@types/trusted-types/-/trusted-types-2.0.3.tgz",
      "integrity": "sha512-NfQ4gyz38SL8sDNrSixxU2Os1a5xcdFxipAFxYEuLUlvU2uDwS4NUpsImcf1//SlWItCVMMLiylsxbmNMToV/g=="
    },
    "argparse": {
      "version": "2.0.1",
      "resolved": "https://registry.npmjs.org/argparse/-/argparse-2.0.1.tgz",
      "integrity": "sha512-8+9WqebbFzpX9OR+Wa6O29asIogeRMzcGtAINdpMHHyAg10f05aSFVBbcEqGf/PXw1EjAZ+q2/bEBg3DvurK3Q==",
      "dev": true
    },
    "bluebird": {
      "version": "3.7.2",
      "resolved": "https://registry.npmjs.org/bluebird/-/bluebird-3.7.2.tgz",
      "integrity": "sha512-XpNj6GDQzdfW+r2Wnn7xiSAd7TM3jzkxGXBGTtWKuSXv1xUV+azxAm8jdWZN06QTQk+2N2XB9jRDkvbmQmcRtg==",
      "dev": true
    },
    "catharsis": {
      "version": "0.9.0",
      "resolved": "https://registry.npmjs.org/catharsis/-/catharsis-0.9.0.tgz",
      "integrity": "sha512-prMTQVpcns/tzFgFVkVp6ak6RykZyWb3gu8ckUpd6YkTlacOd3DXGJjIpD4Q6zJirizvaiAjSSHlOsA+6sNh2A==",
      "dev": true,
      "requires": {
        "lodash": "^4.17.15"
      }
    },
    "entities": {
      "version": "2.1.0",
      "resolved": "https://registry.npmjs.org/entities/-/entities-2.1.0.tgz",
      "integrity": "sha512-hCx1oky9PFrJ611mf0ifBLBRW8lUUVRlFolb5gWRfIELabBlbp9xZvrqZLZAs+NxFnbfQoeGd8wDkygjg7U85w==",
      "dev": true
    },
    "escape-string-regexp": {
      "version": "2.0.0",
      "resolved": "https://registry.npmjs.org/escape-string-regexp/-/escape-string-regexp-2.0.0.tgz",
      "integrity": "sha512-UpzcLCXolUWcNu5HtVMHYdXJjArjsF9C0aNnquZYY4uW/Vu0miy5YoWvbV345HauVvcAUnpRuhMMcqTcGOY2+w==",
      "dev": true
    },
    "graceful-fs": {
      "version": "4.2.11",
      "resolved": "https://registry.npmjs.org/graceful-fs/-/graceful-fs-4.2.11.tgz",
      "integrity": "sha512-RbJ5/jmFcNNCcDV5o9eTnBLJ/HszWV0P73bc+Ff4nS/rJj+YaS6IGyiOL0VoBYX+l1Wrl3k63h/KrH+nhJ0XvQ==",
      "dev": true
    },
    "immer": {
      "version": "9.0.21",
      "resolved": "https://registry.npmjs.org/immer/-/immer-9.0.21.tgz",
      "integrity": "sha512-bc4NBHqOqSfRW7POMkHd51LvClaeMXpm8dx0e8oE2GORbq5aRK7Bxl4FyzVLdGtLmvLKL7BTDBG5ACQm4HWjTA=="
    },
    "js2xmlparser": {
      "version": "4.0.2",
      "resolved": "https://registry.npmjs.org/js2xmlparser/-/js2xmlparser-4.0.2.tgz",
      "integrity": "sha512-6n4D8gLlLf1n5mNLQPRfViYzu9RATblzPEtm1SthMX1Pjao0r9YI9nw7ZIfRxQMERS87mcswrg+r/OYrPRX6jA==",
      "dev": true,
      "requires": {
        "xmlcreate": "^2.0.4"
      }
    },
    "jsdoc": {
      "version": "4.0.2",
      "resolved": "https://registry.npmjs.org/jsdoc/-/jsdoc-4.0.2.tgz",
      "integrity": "sha512-e8cIg2z62InH7azBBi3EsSEqrKx+nUtAS5bBcYTSpZFA+vhNPyhv8PTFZ0WsjOPDj04/dOLlm08EDcQJDqaGQg==",
      "dev": true,
      "requires": {
        "@babel/parser": "^7.20.15",
        "@jsdoc/salty": "^0.2.1",
        "@types/markdown-it": "^12.2.3",
        "bluebird": "^3.7.2",
        "catharsis": "^0.9.0",
        "escape-string-regexp": "^2.0.0",
        "js2xmlparser": "^4.0.2",
        "klaw": "^3.0.0",
        "markdown-it": "^12.3.2",
        "markdown-it-anchor": "^8.4.1",
        "marked": "^4.0.10",
        "mkdirp": "^1.0.4",
        "requizzle": "^0.2.3",
        "strip-json-comments": "^3.1.0",
        "underscore": "~1.13.2"
      }
    },
    "klaw": {
      "version": "3.0.0",
      "resolved": "https://registry.npmjs.org/klaw/-/klaw-3.0.0.tgz",
      "integrity": "sha512-0Fo5oir+O9jnXu5EefYbVK+mHMBeEVEy2cmctR1O1NECcCkPRreJKrS6Qt/j3KC2C148Dfo9i3pCmCMsdqGr0g==",
      "dev": true,
      "requires": {
        "graceful-fs": "^4.1.9"
      }
    },
    "linkify-it": {
      "version": "3.0.3",
      "resolved": "https://registry.npmjs.org/linkify-it/-/linkify-it-3.0.3.tgz",
      "integrity": "sha512-ynTsyrFSdE5oZ/O9GEf00kPngmOfVwazR5GKDq6EYfhlpFug3J2zybX56a2PRRpc9P+FuSoGNAwjlbDs9jJBPQ==",
      "dev": true,
      "requires": {
        "uc.micro": "^1.0.1"
      }
    },
    "lit": {
      "version": "2.7.5",
      "resolved": "https://registry.npmjs.org/lit/-/lit-2.7.5.tgz",
      "integrity": "sha512-i/cH7Ye6nBDUASMnfwcictBnsTN91+aBjXoTHF2xARghXScKxpD4F4WYI+VLXg9lqbMinDfvoI7VnZXjyHgdfQ==",
      "requires": {
        "@lit/reactive-element": "^1.6.0",
        "lit-element": "^3.3.0",
        "lit-html": "^2.7.0"
      }
    },
    "lit-element": {
      "version": "3.3.2",
      "resolved": "https://registry.npmjs.org/lit-element/-/lit-element-3.3.2.tgz",
      "integrity": "sha512-xXAeVWKGr4/njq0rGC9dethMnYCq5hpKYrgQZYTzawt9YQhMiXfD+T1RgrdY3NamOxwq2aXlb0vOI6e29CKgVQ==",
      "requires": {
        "@lit-labs/ssr-dom-shim": "^1.1.0",
        "@lit/reactive-element": "^1.3.0",
        "lit-html": "^2.7.0"
      }
    },
    "lit-html": {
      "version": "2.7.4",
      "resolved": "https://registry.npmjs.org/lit-html/-/lit-html-2.7.4.tgz",
      "integrity": "sha512-/Jw+FBpeEN+z8X6PJva5n7+0MzCVAH2yypN99qHYYkq8bI+j7I39GH+68Z/MZD6rGKDK9RpzBw7CocfmHfq6+g==",
      "requires": {
        "@types/trusted-types": "^2.0.2"
      }
    },
    "lodash": {
      "version": "4.17.21",
      "resolved": "https://registry.npmjs.org/lodash/-/lodash-4.17.21.tgz",
      "integrity": "sha512-v2kDEe57lecTulaDIuNTPy3Ry4gLGJ6Z1O3vE1krgXZNrsQ+LFTGHVxVjcXPs17LhbZVGedAJv8XZ1tvj5FvSg==",
      "dev": true
    },
    "markdown-it": {
      "version": "12.3.2",
      "resolved": "https://registry.npmjs.org/markdown-it/-/markdown-it-12.3.2.tgz",
      "integrity": "sha512-TchMembfxfNVpHkbtriWltGWc+m3xszaRD0CZup7GFFhzIgQqxIfn3eGj1yZpfuflzPvfkt611B2Q/Bsk1YnGg==",
      "dev": true,
      "requires": {
        "argparse": "^2.0.1",
        "entities": "~2.1.0",
        "linkify-it": "^3.0.1",
        "mdurl": "^1.0.1",
        "uc.micro": "^1.0.5"
      }
    },
    "markdown-it-anchor": {
      "version": "8.6.7",
      "resolved": "https://registry.npmjs.org/markdown-it-anchor/-/markdown-it-anchor-8.6.7.tgz",
      "integrity": "sha512-FlCHFwNnutLgVTflOYHPW2pPcl2AACqVzExlkGQNsi4CJgqOHN7YTgDd4LuhgN1BFO3TS0vLAruV1Td6dwWPJA==",
      "dev": true
    },
    "marked": {
      "version": "4.3.0",
      "resolved": "https://registry.npmjs.org/marked/-/marked-4.3.0.tgz",
      "integrity": "sha512-PRsaiG84bK+AMvxziE/lCFss8juXjNaWzVbN5tXAm4XjeaS9NAHhop+PjQxz2A9h8Q4M/xGmzP8vqNwy6JeK0A==",
      "dev": true
    },
    "mdurl": {
      "version": "1.0.1",
      "resolved": "https://registry.npmjs.org/mdurl/-/mdurl-1.0.1.tgz",
      "integrity": "sha512-/sKlQJCBYVY9Ers9hqzKou4H6V5UWc/M59TH2dvkt+84itfnq7uFOMLpOiOS4ujvHP4etln18fmIxA5R5fll0g==",
      "dev": true
    },
    "mkdirp": {
      "version": "1.0.4",
      "resolved": "https://registry.npmjs.org/mkdirp/-/mkdirp-1.0.4.tgz",
      "integrity": "sha512-vVqVZQyf3WLx2Shd0qJ9xuvqgAyKPLAiqITEtqW0oIUjzo3PePDd6fW9iFz30ef7Ysp/oiWqbhszeGWW2T6Gzw==",
      "dev": true
    },
    "redux": {
      "version": "4.2.1",
      "resolved": "https://registry.npmjs.org/redux/-/redux-4.2.1.tgz",
      "integrity": "sha512-LAUYz4lc+Do8/g7aeRa8JkyDErK6ekstQaqWQrNRW//MY1TvCEpMtpTWvlQ+FPbWCx+Xixu/6SHt5N0HR+SB4w==",
      "requires": {
        "@babel/runtime": "^7.9.2"
      }
    },
    "redux-thunk": {
      "version": "2.4.2",
      "resolved": "https://registry.npmjs.org/redux-thunk/-/redux-thunk-2.4.2.tgz",
      "integrity": "sha512-+P3TjtnP0k/FEjcBL5FZpoovtvrTNT/UXd4/sluaSyrURlSlhLSzEdfsTBW7WsKB6yPvgd7q/iZPICFjW4o57Q=="
    },
    "regenerator-runtime": {
      "version": "0.13.11",
      "resolved": "https://registry.npmjs.org/regenerator-runtime/-/regenerator-runtime-0.13.11.tgz",
      "integrity": "sha512-kY1AZVr2Ra+t+piVaJ4gxaFaReZVH40AKNo7UCX6W+dEwBo/2oZJzqfuN1qLq1oL45o56cPaTXELwrTh8Fpggg=="
    },
    "requizzle": {
      "version": "0.2.4",
      "resolved": "https://registry.npmjs.org/requizzle/-/requizzle-0.2.4.tgz",
      "integrity": "sha512-JRrFk1D4OQ4SqovXOgdav+K8EAhSB/LJZqCz8tbX0KObcdeM15Ss59ozWMBWmmINMagCwmqn4ZNryUGpBsl6Jw==",
      "dev": true,
      "requires": {
        "lodash": "^4.17.21"
      }
    },
    "reselect": {
      "version": "4.1.8",
      "resolved": "https://registry.npmjs.org/reselect/-/reselect-4.1.8.tgz",
      "integrity": "sha512-ab9EmR80F/zQTMNeneUr4cv+jSwPJgIlvEmVwLerwrWVbpLlBuls9XHzIeTFy4cegU2NHBp3va0LKOzU5qFEYQ=="
    },
    "strip-json-comments": {
      "version": "3.1.1",
      "resolved": "https://registry.npmjs.org/strip-json-comments/-/strip-json-comments-3.1.1.tgz",
      "integrity": "sha512-6fPc+R4ihwqP6N/aIv2f1gMH8lOVtWQHoqC4yK6oSDVVocumAsfCqjkXnqiYMhmMwS/mEHLp7Vehlt3ql6lEig==",
      "dev": true
    },
    "uc.micro": {
      "version": "1.0.6",
      "resolved": "https://registry.npmjs.org/uc.micro/-/uc.micro-1.0.6.tgz",
      "integrity": "sha512-8Y75pvTYkLJW2hWQHXxoqRgV7qb9B+9vFEtidML+7koHUFapnVJAZ6cKs+Qjz5Aw3aZWHMC6u0wJE3At+nSGwA==",
      "dev": true
    },
    "underscore": {
      "version": "1.13.6",
      "resolved": "https://registry.npmjs.org/underscore/-/underscore-1.13.6.tgz",
      "integrity": "sha512-+A5Sja4HP1M08MaXya7p5LvjuM7K6q/2EaC0+iovj/wOcMsTzMvDFbasi/oSapiwOlt252IqsKqPjCl7huKS0A==",
      "dev": true
    },
    "xmlcreate": {
      "version": "2.0.4",
      "resolved": "https://registry.npmjs.org/xmlcreate/-/xmlcreate-2.0.4.tgz",
      "integrity": "sha512-nquOebG4sngPmGPICTS5EnxqhKbCmz5Ox5hsszI2T6U5qdrJizBc+0ilYSEjTSzU0yZcmvppztXe/5Al5fUwdg==",
      "dev": true
    }
  }
}
